
Microsoft Visual Studio Solution File, Format Version 12.00
# Visual Studio 2012
Project("{FAE04EC0-301F-11D3-BF4B-00C04F79EFBC}") = "CClient", "CClient\CClient.csproj", "{6580D620-2472-4469-ADA0-F3307D878114}"
EndProject
Global
	GlobalSection(SolutionConfigurationPlatforms) = preSolution
		Debug|Any CPU = Debug|Any CPU
		Release|Any CPU = Release|Any CPU
	EndGlobalSection
	GlobalSection(ProjectConfigurationPlatforms) = postSolution
		{6580D620-2472-4469-ADA0-F3307D878114}.Debug|Any CPU.ActiveCfg = Debug|Any CPU
		{6580D620-2472-4469-ADA0-F3307D878114}.Debug|Any CPU.Build.0 = Debug|Any CPU
		{6580D620-2472-4469-ADA0-F3307D878114}.Release|Any CPU.ActiveCfg = Release|Any CPU
		{6580D620-2472-4469-ADA0-F3307D878114}.Release|Any CPU.Build.0 = Release|Any CPU
	EndGlobalSection
	GlobalSection(SolutionProperties) = preSolution
		HideSolutionNode = FALSE
	EndGlobalSection
EndGlobal
